
Microsoft Visual Studio Solution File, Format Version 12.00
# Visual Studio 15
VisualStudioVersion = 15.0.27703.2042
MinimumVisualStudioVersion = 10.0.40219.1
Project("{FAE04EC0-301F-11D3-BF4B-00C04F79EFBC}") = "BlackJack", "BlackJack\BlackJack.csproj", "{F6ED6983-18E4-434C-87B0-86256C74EB89}"
EndProject
Global
	GlobalSection(SolutionConfigurationPlatforms) = preSolution
		Debug|Any CPU = Debug|Any CPU
		Release|Any CPU = Release|Any CPU
	EndGlobalSection
	GlobalSection(ProjectConfigurationPlatforms) = postSolution
		{F6ED6983-18E4-434C-87B0-86256C74EB89}.Debug|Any CPU.ActiveCfg = Debug|Any CPU
		{F6ED6983-18E4-434C-87B0-86256C74EB89}.Debug|Any CPU.Build.0 = Debug|Any CPU
		{F6ED6983-18E4-434C-87B0-86256C74EB89}.Release|Any CPU.ActiveCfg = Release|Any CPU
		{F6ED6983-18E4-434C-87B0-86256C74EB89}.Release|Any CPU.Build.0 = Release|Any CPU
	EndGlobalSection
	GlobalSection(SolutionProperties) = preSolution
		HideSolutionNode = FALSE
	EndGlobalSection
	GlobalSection(ExtensibilityGlobals) = postSolution
		SolutionGuid = {7CFF2AC1-1346-4DE4-A750-42B1A4AED185}
	EndGlobalSection
EndGlobal
